
Microsoft Visual Studio Solution File, Format Version 12.00
# Visual Studio Version 17
VisualStudioVersion = 17.13.35919.96
MinimumVisualStudioVersion = 10.0.40219.1
Project("{FAE04EC0-301F-11D3-BF4B-00C04F79EFBC}") = "IV_API_ENGINE_CLI", "IV_API_ENGINE_CLI\IV_API_ENGINE_CLI.csproj", "{DDC62C4E-7860-406F-B923-8F3FB10D0245}"
EndProject
Project("{D954291E-2A0B-460D-934E-DC6B0785DB48}") = "IVolt_Shared_Resources", "..\..\Global_Resource_SharedSolution\IVolt_Shared_Resources\IVolt_Shared_Resources.shproj", "{BEB8C355-66CC-40B1-BF62-EF32B9C02031}"
EndProject
Project("{FAE04EC0-301F-11D3-BF4B-00C04F79EFBC}") = "IV_Plugin_Engine_Examples", "IV_Plugin_Engine_Examples\IV_Plugin_Engine_Examples.csproj", "{88C44C18-F748-4405-B6BB-D30039287C7F}"
EndProject
Project("{FAE04EC0-301F-11D3-BF4B-00C04F79EFBC}") = "IV_Plugin_Engine_LIB", "IV_Plugin_Engine_LIB\IV_Plugin_Engine_LIB.csproj", "{80AA9D86-4EE8-7F4C-B4A9-F07E78296F82}"
EndProject
Global
	GlobalSection(SolutionConfigurationPlatforms) = preSolution
		Debug|Any CPU = Debug|Any CPU
		Release|Any CPU = Release|Any CPU
	EndGlobalSection
	GlobalSection(ProjectConfigurationPlatforms) = postSolution
		{DDC62C4E-7860-406F-B923-8F3FB10D0245}.Debug|Any CPU.ActiveCfg = Debug|Any CPU
		{DDC62C4E-7860-406F-B923-8F3FB10D0245}.Debug|Any CPU.Build.0 = Debug|Any CPU
		{DDC62C4E-7860-406F-B923-8F3FB10D0245}.Release|Any CPU.ActiveCfg = Release|Any CPU
		{DDC62C4E-7860-406F-B923-8F3FB10D0245}.Release|Any CPU.Build.0 = Release|Any CPU
		{88C44C18-F748-4405-B6BB-D30039287C7F}.Debug|Any CPU.ActiveCfg = Debug|Any CPU
		{88C44C18-F748-4405-B6BB-D30039287C7F}.Debug|Any CPU.Build.0 = Debug|Any CPU
		{88C44C18-F748-4405-B6BB-D30039287C7F}.Release|Any CPU.ActiveCfg = Release|Any CPU
		{88C44C18-F748-4405-B6BB-D30039287C7F}.Release|Any CPU.Build.0 = Release|Any CPU
		{80AA9D86-4EE8-7F4C-B4A9-F07E78296F82}.Debug|Any CPU.ActiveCfg = Debug|Any CPU
		{80AA9D86-4EE8-7F4C-B4A9-F07E78296F82}.Debug|Any CPU.Build.0 = Debug|Any CPU
		{80AA9D86-4EE8-7F4C-B4A9-F07E78296F82}.Release|Any CPU.ActiveCfg = Release|Any CPU
		{80AA9D86-4EE8-7F4C-B4A9-F07E78296F82}.Release|Any CPU.Build.0 = Release|Any CPU
	EndGlobalSection
	GlobalSection(SolutionProperties) = preSolution
		HideSolutionNode = FALSE
	EndGlobalSection
	GlobalSection(ExtensibilityGlobals) = postSolution
		SolutionGuid = {089F919B-B4BE-479F-B3D8-E9B06E595C62}
	EndGlobalSection
	GlobalSection(SharedMSBuildProjectFiles) = preSolution
		..\..\Global_Resource_SharedSolution\IVolt_Shared_Resources\IVolt_Shared_Resources.projitems*{beb8c355-66cc-40b1-bf62-ef32b9c02031}*SharedItemsImports = 13
	EndGlobalSection
EndGlobal
